
Microsoft Visual Studio Solution File, Format Version 12.00
# Visual Studio Version 17
VisualStudioVersion = 17.0.31903.59
MinimumVisualStudioVersion = 10.0.40219.1
Project("{2150E333-8FDC-42A3-9474-1A3956D46DE8}") = "src", "src", "{827E0CD3-B72D-47B6-A68D-7590B98EB39B}"
EndProject
Project("{FAE04EC0-301F-11D3-BF4B-00C04F79EFBC}") = "TaskManager.Api", "src\TaskManager.Api\TaskManager.Api.csproj", "{001F4551-5CFB-4C42-8402-1A7BEF096009}"
EndProject
Project("{FAE04EC0-301F-11D3-BF4B-00C04F79EFBC}") = "TaskManager.Core", "src\TaskManager.Core\TaskManager.Core.csproj", "{BF5338C9-0FB8-42B8-879C-65E5D7FC6F85}"
EndProject
Project("{FAE04EC0-301F-11D3-BF4B-00C04F79EFBC}") = "TaskManager.Infrastructure", "src\TaskManager.Infrastructure\TaskManager.Infrastructure.csproj", "{7A9C3EA1-C456-4080-9850-CE5246B0B092}"
EndProject
Global
	GlobalSection(SolutionConfigurationPlatforms) = preSolution
		Debug|Any CPU = Debug|Any CPU
		Debug|x64 = Debug|x64
		Debug|x86 = Debug|x86
		Release|Any CPU = Release|Any CPU
		Release|x64 = Release|x64
		Release|x86 = Release|x86
	EndGlobalSection
	GlobalSection(ProjectConfigurationPlatforms) = postSolution
		{001F4551-5CFB-4C42-8402-1A7BEF096009}.Debug|Any CPU.ActiveCfg = Debug|Any CPU
		{001F4551-5CFB-4C42-8402-1A7BEF096009}.Debug|Any CPU.Build.0 = Debug|Any CPU
		{001F4551-5CFB-4C42-8402-1A7BEF096009}.Debug|x64.ActiveCfg = Debug|Any CPU
		{001F4551-5CFB-4C42-8402-1A7BEF096009}.Debug|x64.Build.0 = Debug|Any CPU
		{001F4551-5CFB-4C42-8402-1A7BEF096009}.Debug|x86.ActiveCfg = Debug|Any CPU
		{001F4551-5CFB-4C42-8402-1A7BEF096009}.Debug|x86.Build.0 = Debug|Any CPU
		{001F4551-5CFB-4C42-8402-1A7BEF096009}.Release|Any CPU.ActiveCfg = Release|Any CPU
		{001F4551-5CFB-4C42-8402-1A7BEF096009}.Release|Any CPU.Build.0 = Release|Any CPU
		{001F4551-5CFB-4C42-8402-1A7BEF096009}.Release|x64.ActiveCfg = Release|Any CPU
		{001F4551-5CFB-4C42-8402-1A7BEF096009}.Release|x64.Build.0 = Release|Any CPU
		{001F4551-5CFB-4C42-8402-1A7BEF096009}.Release|x86.ActiveCfg = Release|Any CPU
		{001F4551-5CFB-4C42-8402-1A7BEF096009}.Release|x86.Build.0 = Release|Any CPU
		{BF5338C9-0FB8-42B8-879C-65E5D7FC6F85}.Debug|Any CPU.ActiveCfg = Debug|Any CPU
		{BF5338C9-0FB8-42B8-879C-65E5D7FC6F85}.Debug|Any CPU.Build.0 = Debug|Any CPU
		{BF5338C9-0FB8-42B8-879C-65E5D7FC6F85}.Debug|x64.ActiveCfg = Debug|Any CPU
		{BF5338C9-0FB8-42B8-879C-65E5D7FC6F85}.Debug|x64.Build.0 = Debug|Any CPU
		{BF5338C9-0FB8-42B8-879C-65E5D7FC6F85}.Debug|x86.ActiveCfg = Debug|Any CPU
		{BF5338C9-0FB8-42B8-879C-65E5D7FC6F85}.Debug|x86.Build.0 = Debug|Any CPU
		{BF5338C9-0FB8-42B8-879C-65E5D7FC6F85}.Release|Any CPU.ActiveCfg = Release|Any CPU
		{BF5338C9-0FB8-42B8-879C-65E5D7FC6F85}.Release|Any CPU.Build.0 = Release|Any CPU
		{BF5338C9-0FB8-42B8-879C-65E5D7FC6F85}.Release|x64.ActiveCfg = Release|Any CPU
		{BF5338C9-0FB8-42B8-879C-65E5D7FC6F85}.Release|x64.Build.0 = Release|Any CPU
		{BF5338C9-0FB8-42B8-879C-65E5D7FC6F85}.Release|x86.ActiveCfg = Release|Any CPU
		{BF5338C9-0FB8-42B8-879C-65E5D7FC6F85}.Release|x86.Build.0 = Release|Any CPU
		{7A9C3EA1-C456-4080-9850-CE5246B0B092}.Debug|Any CPU.ActiveCfg = Debug|Any CPU
		{7A9C3EA1-C456-4080-9850-CE5246B0B092}.Debug|Any CPU.Build.0 = Debug|Any CPU
		{7A9C3EA1-C456-4080-9850-CE5246B0B092}.Debug|x64.ActiveCfg = Debug|Any CPU
		{7A9C3EA1-C456-4080-9850-CE5246B0B092}.Debug|x64.Build.0 = Debug|Any CPU
		{7A9C3EA1-C456-4080-9850-CE5246B0B092}.Debug|x86.ActiveCfg = Debug|Any CPU
		{7A9C3EA1-C456-4080-9850-CE5246B0B092}.Debug|x86.Build.0 = Debug|Any CPU
		{7A9C3EA1-C456-4080-9850-CE5246B0B092}.Release|Any CPU.ActiveCfg = Release|Any CPU
		{7A9C3EA1-C456-4080-9850-CE5246B0B092}.Release|Any CPU.Build.0 = Release|Any CPU
		{7A9C3EA1-C456-4080-9850-CE5246B0B092}.Release|x64.ActiveCfg = Release|Any CPU
		{7A9C3EA1-C456-4080-9850-CE5246B0B092}.Release|x64.Build.0 = Release|Any CPU
		{7A9C3EA1-C456-4080-9850-CE5246B0B092}.Release|x86.ActiveCfg = Release|Any CPU
		{7A9C3EA1-C456-4080-9850-CE5246B0B092}.Release|x86.Build.0 = Release|Any CPU
	EndGlobalSection
	GlobalSection(SolutionProperties) = preSolution
		HideSolutionNode = FALSE
	EndGlobalSection
	GlobalSection(NestedProjects) = preSolution
		{001F4551-5CFB-4C42-8402-1A7BEF096009} = {827E0CD3-B72D-47B6-A68D-7590B98EB39B}
		{BF5338C9-0FB8-42B8-879C-65E5D7FC6F85} = {827E0CD3-B72D-47B6-A68D-7590B98EB39B}
		{7A9C3EA1-C456-4080-9850-CE5246B0B092} = {827E0CD3-B72D-47B6-A68D-7590B98EB39B}
	EndGlobalSection
EndGlobal
